{
  "version": 4,
  "terraform_version": "1.1.5",
  "serial": 1,
  "lineage": "b4169971-e862-4eeb-454a-e814397b4296",
  "outputs": {},
  "resources": [
    {
      "mode": "data",
      "type": "google_client_config",
      "name": "provider",
      "provider": "provider[\"registry.terraform.io/hashicorp/google\"]",
      "instances": [
        {
          "schema_version": 0,
          "attributes": {
            "access_token": "ya29.a0Aa4xrXNrtHHM6npvggjr44N_RyT4ecDkLz1qbw7srpeEXGNqfTS2P4NaRmX04amk31EqGhuXk9sYgi_mlXtaIdhwTd86W0Eg-MvtuMt_keXIkvtsnXZsQu0k2xayvfjb-ZZgtnNyxj29ZXoDY78cqA2KTUe90QaCgYKATASARISFQEjDvL9I1sek5MJwPP8QCRG0mF8gQ0165",
            "id": "projects/devops-sandbox-20200519/regions/asia-southeast1/zones/asia-southeast1-a",
            "project": "devops-sandbox-20200519",
            "region": "asia-southeast1",
            "zone": "asia-southeast1-a"
          },
          "sensitive_attributes": []
        }
      ]
    },
    {
      "mode": "data",
      "type": "google_container_cluster",
      "name": "cluster",
      "provider": "provider[\"registry.terraform.io/hashicorp/google\"]",
      "instances": [
        {
          "schema_version": 0,
          "attributes": {
            "addons_config": [
              {
                "cloudrun_config": [],
                "dns_cache_config": [],
                "gce_persistent_disk_csi_driver_config": [
                  {
                    "enabled": true
                  }
                ],
                "gcp_filestore_csi_driver_config": [],
                "horizontal_pod_autoscaling": [],
                "http_load_balancing": [],
                "network_policy_config": [
                  {
                    "disabled": true
                  }
                ]
              }
            ],
            "authenticator_groups_config": [],
            "binary_authorization": [
              {
                "enabled": false,
                "evaluation_mode": ""
              }
            ],
            "cluster_autoscaling": [
              {
                "auto_provisioning_defaults": [],
                "enabled": false,
                "resource_limits": []
              }
            ],
            "cluster_ipv4_cidr": "10.116.0.0/14",
            "confidential_nodes": [],
            "database_encryption": [
              {
                "key_name": "",
                "state": "DECRYPTED"
              }
            ],
            "datapath_provider": "",
            "default_max_pods_per_node": 110,
            "default_snat_status": [
              {
                "disabled": false
              }
            ],
            "description": "",
            "dns_config": [],
            "enable_autopilot": false,
            "enable_binary_authorization": false,
            "enable_intranode_visibility": false,
            "enable_kubernetes_alpha": false,
            "enable_legacy_abac": false,
            "enable_shielded_nodes": true,
            "enable_tpu": false,
            "endpoint": "35.187.253.73",
            "id": "projects/devops-sandbox-20200519/locations/asia-southeast1-a/clusters/cc-jazeel",
            "initial_node_count": 1,
            "ip_allocation_policy": [
              {
                "cluster_ipv4_cidr_block": "10.116.0.0/14",
                "cluster_secondary_range_name": "gke-cc-jazeel-pods-32668e63",
                "services_ipv4_cidr_block": "10.107.160.0/20",
                "services_secondary_range_name": "gke-cc-jazeel-services-32668e63"
              }
            ],
            "label_fingerprint": "a9dc16a7",
            "location": "asia-southeast1-a",
            "logging_config": [
              {
                "enable_components": [
                  "SYSTEM_COMPONENTS",
                  "WORKLOADS"
                ]
              }
            ],
            "logging_service": "logging.googleapis.com/kubernetes",
            "maintenance_policy": [
              {
                "daily_maintenance_window": [
                  {
                    "duration": "PT4H0M0S",
                    "start_time": "06:00"
                  }
                ],
                "maintenance_exclusion": [],
                "recurring_window": []
              }
            ],
            "master_auth": [
              {
                "client_certificate": "",
                "client_certificate_config": [
                  {
                    "issue_client_certificate": false
                  }
                ],
                "client_key": "",
                "cluster_ca_certificate": "LS0tLS1CRUdJTiBDRVJUSUZJQ0FURS0tLS0tCk1JSUVMRENDQXBTZ0F3SUJBZ0lRQTRITENsTFgwUTF2V0xLR1dCWm1WekFOQmdrcWhraUc5dzBCQVFzRkFEQXYKTVMwd0t3WURWUVFERXlRd09EbG1aalU0WmkwMU9HRXlMVFF4TnpVdE9XWTNZUzAwTnpBME5tRmhNalUxTWpRdwpJQmNOTWpJd09URTJNRFl6T0RBMFdoZ1BNakExTWpBNU1EZ3dOek00TURSYU1DOHhMVEFyQmdOVkJBTVRKREE0Ck9XWm1OVGhtTFRVNFlUSXROREUzTlMwNVpqZGhMVFEzTURRMllXRXlOVFV5TkRDQ0FhSXdEUVlKS29aSWh2Y04KQVFFQkJRQURnZ0dQQURDQ0FZb0NnZ0dCQUtlQzRPVUJvZzRPZlFEc2t3a255cXZFWUxyT2RpdEh6c1VuNHVHSApOSUx4aHRYeGk0Y1poc0s0M2JGVi9TNm50aDk4WGZ6UnpsV1pmUkFtVXN3Z2VFMG1qT2dPaVZ6enl2QXE1TE9MCk5TK1NhSkRzbWhGQkhNakxFczB4dThab1UydjdubjBGUHNUK3ZRWmxRYnMzMmdIMHU1K3laWkswaU5DN3hDM08KK3BSRXFYNVl1TFFvT1N2bzJGQmc2UEc2UXIxSTN1Sk5ia09RYjVEeDVvMTJobGdMbVZrMUZ1TENsYnJ6UUhPcwpHMyszWDJST3FYaTJUbEgwcmhoVU5wMXB2VWZ2bHN5T3hyOEpNWnE4Y1B4cDRvR080Ujc4Zk1iVnBxb0UyTGZpCkoyemhKbnYxYk1wakF5LzhLZ29OK20veDl1WjBVWHlldXMxNk9SaFI2QlJJR1BQcVZSS3BIZVcrYmVSOTRwWSsKSlZJQ2VOUGRxTWk0SjdoUWFxQ3VMVkxEYXNIUTNqM1BBNE1qUlRTUXdySmVwVXlTTjVBckFUVTkyVTdhWFhHMwpwdjRXaDNKcWNtMTJMZkFFUWVmL1FWeENGYm82Ny94bThiT1BrRlVZSmRNNU1JQTZXblZmV3RBZVI4Sk9qbXNYCjJRaXJUc0VGNzNSY3dsa3dCdk1lVXFmTitRSURBUUFCbzBJd1FEQU9CZ05WSFE4QkFmOEVCQU1DQWdRd0R3WUQKVlIwVEFRSC9CQVV3QXdFQi96QWRCZ05WSFE0RUZnUVV1MG5vRmZUNU5SVlJYalh0MzZMN0JPUk52VnN3RFFZSgpLb1pJaHZjTkFRRUxCUUFEZ2dHQkFCOUtjQVg1OCs5T29JSGl3emtPWXRZNWNKWU5ONUhYMngyMnNZNDVzNjRBCnQ1U3BXY0JjRHZodjYzK09sUnRQc0RxbUVYbDlFZDlJUjRLL3Rsb3N2RjhvT3FiRnRBVmVIemNHdk9mcG1ZdDYKSUtrTXdZVEhFVXZaN2NuTGVjaVhVS2l6ZytoNXJFUkMwQkpPTHJaak0wNHBrTm5GK291MUx4QXgxa1NBNlFmSAoycUtXblk4K21KN1oyc2FvV0Z0U3M3b0FMamd1OU1lRkNMQ0dWTnM2eHJ5OFlYL2ZQbFlxUDFXSE1qSnFSTlJBCmswZk1RVEJiRnpqYlh0aW9DMG1uU1R3bytWNHJPVkxuNjBMUlA1RWJEMVgvYWJMZk91YmhzNjhPODRLdGRjbHYKQkprZWxzKzNjK21CM3pVNUxKcndXZXFmZW5qY0RvOFZoUjByR2tkQ09GbUVTSnJrdHVjUmw5a0ZJMnhHSUo4NwpxZGlLa3FyRHZ5V3c2ejJ6ck9jNlY2Y3FDS0cvZEJtcE1yOVZFTjdJTjlOTTJsdDVFUDBWMkJiZWtUOW5MeDVTCjJQU2RQZ3FKMXo5UndLVEpuRnorSWlsQUJOb1RzZFh1U0w1ZmRyQjF5azg3Zjk4dUlPbDRvN1Fac3AvM1BocG4KRkExWG5wVG1UT2lKOVZmT1FVZm9wZz09Ci0tLS0tRU5EIENFUlRJRklDQVRFLS0tLS0K"
              }
            ],
            "master_authorized_networks_config": [],
            "master_version": "1.22.12-gke.300",
            "mesh_certificates": [],
            "min_master_version": null,
            "monitoring_config": [
              {
                "enable_components": [
                  "SYSTEM_COMPONENTS"
                ]
              }
            ],
            "monitoring_service": "monitoring.googleapis.com/kubernetes",
            "name": "cc-jazeel",
            "network": "projects/devops-sandbox-20200519/global/networks/default",
            "network_policy": [
              {
                "enabled": false,
                "provider": "PROVIDER_UNSPECIFIED"
              }
            ],
            "networking_mode": "VPC_NATIVE",
            "node_config": [],
            "node_locations": [],
            "node_pool": [],
            "node_version": "1.22.12-gke.300",
            "notification_config": [
              {
                "pubsub": [
                  {
                    "enabled": false,
                    "topic": ""
                  }
                ]
              }
            ],
            "operation": null,
            "private_cluster_config": [],
            "private_ipv6_google_access": "",
            "project": "devops-sandbox-20200519",
            "release_channel": [
              {
                "channel": "UNSPECIFIED"
              }
            ],
            "remove_default_node_pool": null,
            "resource_labels": {},
            "resource_usage_export_config": [],
            "self_link": "https://container.googleapis.com/v1/projects/devops-sandbox-20200519/zones/asia-southeast1-a/clusters/cc-jazeel",
            "service_external_ips_config": [
              {
                "enabled": false
              }
            ],
            "services_ipv4_cidr": "10.107.160.0/20",
            "subnetwork": "projects/devops-sandbox-20200519/regions/asia-southeast1/subnetworks/default",
            "tpu_ipv4_cidr_block": "",
            "vertical_pod_autoscaling": [
              {
                "enabled": false
              }
            ],
            "workload_identity_config": [
              {
                "workload_pool": "devops-sandbox-20200519.svc.id.goog"
              }
            ]
          },
          "sensitive_attributes": []
        }
      ]
    },
    {
      "module": "module.emojivoto_pool",
      "mode": "managed",
      "type": "google_container_node_pool",
      "name": "node_pool",
      "provider": "provider[\"registry.terraform.io/hashicorp/google\"]",
      "instances": [
        {
          "schema_version": 1,
          "attributes": {
            "autoscaling": [],
            "cluster": "cc-jazeel",
            "id": "projects/devops-sandbox-20200519/locations/asia-southeast1-a/clusters/cc-jazeel/nodePools/emojivoto",
            "initial_node_count": 1,
            "instance_group_urls": [
              "https://www.googleapis.com/compute/v1/projects/devops-sandbox-20200519/zones/asia-southeast1-a/instanceGroupManagers/gke-cc-jazeel-emojivoto-a300255c-grp"
            ],
            "location": "asia-southeast1-a",
            "managed_instance_group_urls": [
              "https://www.googleapis.com/compute/v1/projects/devops-sandbox-20200519/zones/asia-southeast1-a/instanceGroups/gke-cc-jazeel-emojivoto-a300255c-grp"
            ],
            "management": [
              {
                "auto_repair": true,
                "auto_upgrade": true
              }
            ],
            "max_pods_per_node": 110,
            "name": "emojivoto",
            "name_prefix": "",
            "node_config": [
              {
                "boot_disk_kms_key": "",
                "disk_size_gb": 10,
                "disk_type": "pd-standard",
                "gcfs_config": [],
                "guest_accelerator": [],
                "gvnic": [],
                "image_type": "COS",
                "labels": {
                  "app": "emojivoto"
                },
                "local_ssd_count": 0,
                "machine_type": "e2-medium",
                "metadata": {
                  "disable-legacy-endpoints": "true"
                },
                "min_cpu_platform": "",
                "node_group": "",
                "oauth_scopes": [
                  "https://www.googleapis.com/auth/compute",
                  "https://www.googleapis.com/auth/devstorage.read_only",
                  "https://www.googleapis.com/auth/logging.write",
                  "https://www.googleapis.com/auth/monitoring"
                ],
                "preemptible": false,
                "reservation_affinity": [],
                "service_account": "default",
                "shielded_instance_config": [
                  {
                    "enable_integrity_monitoring": true,
                    "enable_secure_boot": false
                  }
                ],
                "spot": true,
                "tags": [],
                "taint": [
                  {
                    "effect": "NO_SCHEDULE",
                    "key": "app",
                    "value": "emojivoto"
                  }
                ],
                "workload_metadata_config": [
                  {
                    "mode": "GKE_METADATA"
                  }
                ]
              }
            ],
            "node_count": 1,
            "node_locations": [
              "asia-southeast1-a"
            ],
            "operation": null,
            "project": "devops-sandbox-20200519",
            "timeouts": null,
            "upgrade_settings": [
              {
                "max_surge": 1,
                "max_unavailable": 0
              }
            ],
            "version": "1.22.12-gke.300"
          },
          "sensitive_attributes": [],
          "private": "eyJlMmJmYjczMC1lY2FhLTExZTYtOGY4OC0zNDM2M2JjN2M0YzAiOnsiY3JlYXRlIjoxODAwMDAwMDAwMDAwLCJkZWxldGUiOjE4MDAwMDAwMDAwMDAsInVwZGF0ZSI6MTgwMDAwMDAwMDAwMH0sInNjaGVtYV92ZXJzaW9uIjoiMSJ9",
          "dependencies": [
            "data.google_container_cluster.cluster"
          ]
        }
      ]
    }
  ]
}
